
Microsoft Visual Studio Solution File, Format Version 12.00
# Visual Studio 2015
Project("{FAE04EC0-301F-11D3-BF4B-00C04F79EFBC}") = "SushiGame", "SushiGame.csproj", "{23161524-49EE-B736-E507-E82BBE1628C7}"
EndProject
Project("{FAE04EC0-301F-11D3-BF4B-00C04F79EFBC}") = "SushiGame.Editor", "SushiGame.Editor.csproj", "{A75D4986-E7DF-8E2F-200F-49A97C5A99A7}"
EndProject
Global
	GlobalSection(SolutionConfigurationPlatforms) = preSolution
		Debug|Any CPU = Debug|Any CPU
		Release|Any CPU = Release|Any CPU
	EndGlobalSection
	GlobalSection(ProjectConfigurationPlatforms) = postSolution
		{23161524-49EE-B736-E507-E82BBE1628C7}.Debug|Any CPU.ActiveCfg = Debug|Any CPU
		{23161524-49EE-B736-E507-E82BBE1628C7}.Debug|Any CPU.Build.0 = Debug|Any CPU
		{23161524-49EE-B736-E507-E82BBE1628C7}.Release|Any CPU.ActiveCfg = Release|Any CPU
		{23161524-49EE-B736-E507-E82BBE1628C7}.Release|Any CPU.Build.0 = Release|Any CPU
		{A75D4986-E7DF-8E2F-200F-49A97C5A99A7}.Debug|Any CPU.ActiveCfg = Debug|Any CPU
		{A75D4986-E7DF-8E2F-200F-49A97C5A99A7}.Debug|Any CPU.Build.0 = Debug|Any CPU
		{A75D4986-E7DF-8E2F-200F-49A97C5A99A7}.Release|Any CPU.ActiveCfg = Release|Any CPU
		{A75D4986-E7DF-8E2F-200F-49A97C5A99A7}.Release|Any CPU.Build.0 = Release|Any CPU
	EndGlobalSection
	GlobalSection(SolutionProperties) = preSolution
		HideSolutionNode = FALSE
	EndGlobalSection
EndGlobal
